// !$*UTF8*$!
{
	archiveVersion = 1;
	classes = {
	};
	objectVersion = 56;
	objects = {

/* Begin PBXBuildFile section */
		22FD00002C2FEF140071E326 /* AppDelegate.swift in Sources */ = {isa = PBXBuildFile; fileRef = 22FDFFFF2C2FEF140071E326 /* AppDelegate.swift */; };
		22FD00022C2FEF140071E326 /* SceneDelegate.swift in Sources */ = {isa = PBXBuildFile; fileRef = 22FD00012C2FEF140071E326 /* SceneDelegate.swift */; };
		22FD00042C2FEF140071E326 /* ViewController.swift in Sources */ = {isa = PBXBuildFile; fileRef = 22FD00032C2FEF140071E326 /* ViewController.swift */; };
		22FD00072C2FEF140071E326 /* Base in Resources */ = {isa = PBXBuildFile; fileRef = 22FD00062C2FEF140071E326 /* Base */; };
		22FD00092C2FEF150071E326 /* Assets.xcassets in Resources */ = {isa = PBXBuildFile; fileRef = 22FD00082C2FEF150071E326 /* Assets.xcassets */; };
		22FD000C2C2FEF150071E326 /* Base in Resources */ = {isa = PBXBuildFile; fileRef = 22FD000B2C2FEF150071E326 /* Base */; };
		22FD00172C2FEF150071E326 /* BeginnerTests.swift in Sources */ = {isa = PBXBuildFile; fileRef = 22FD00162C2FEF150071E326 /* BeginnerTests.swift */; };
		22FD00212C2FEF150071E326 /* BeginnerUITests.swift in Sources */ = {isa = PBXBuildFile; fileRef = 22FD00202C2FEF150071E326 /* BeginnerUITests.swift */; };
		22FD00232C2FEF150071E326 /* BeginnerUITestsLaunchTests.swift in Sources */ = {isa = PBXBuildFile; fileRef = 22FD00222C2FEF150071E326 /* BeginnerUITestsLaunchTests.swift */; };
/* End PBXBuildFile section */

/* Begin PBXContainerItemProxy section */
		22FD00132C2FEF150071E326 /* PBXContainerItemProxy */ = {
			isa = PBXContainerItemProxy;
			containerPortal = 22FDFFF42C2FEF140071E326 /* Project object */;
			proxyType = 1;
			remoteGlobalIDString = 22FDFFFB2C2FEF140071E326;
			remoteInfo = Beginner;
		};
		22FD001D2C2FEF150071E326 /* PBXContainerItemProxy */ = {
			isa = PBXContainerItemProxy;
			containerPortal = 22FDFFF42C2FEF140071E326 /* Project object */;
			proxyType = 1;
			remoteGlobalIDString = 22FDFFFB2C2FEF140071E326;
			remoteInfo = Beginner;
		};
/* End PBXContainerItemProxy section */

/* Begin PBXFileReference section */
		22FD00012C2FEF140071E326 /* SceneDelegate.swift */ = {isa = PBXFileReference; lastKnownFileType = sourcecode.swift; path = SceneDelegate.swift; sourceTree = "<group>"; };
		22FD00032C2FEF140071E326 /* ViewController.swift */ = {isa = PBXFileReference; lastKnownFileType = sourcecode.swift; path = ViewController.swift; sourceTree = "<group>"; };
		22FD00062C2FEF140071E326 /* Base */ = {isa = PBXFileReference; lastKnownFileType = file.storyboard; name = Base; path = Base.lproj/Main.storyboard; sourceTree = "<group>"; };
		22FD00082C2FEF150071E326 /* Assets.xcassets */ = {isa = PBXFileReference; lastKnownFileType = folder.assetcatalog; path = Assets.xcassets; sourceTree = "<group>"; };
		22FD000B2C2FEF150071E326 /* Base */ = {isa = PBXFileReference; lastKnownFileType = file.storyboard; name = Base; path = Base.lproj/LaunchScreen.storyboard; sourceTree = "<group>"; };
		22FD000D2C2FEF150071E326 /* Info.plist */ = {isa = PBXFileReference; lastKnownFileType = text.plist.xml; path = Info.plist; sourceTree = "<group>"; };
		22FD00122C2FEF150071E326 /* BeginnerTests.xctest */ = {isa = PBXFileReference; explicitFileType = wrapper.cfbundle; includeInIndex = 0; path = BeginnerTests.xctest; sourceTree = BUILT_PRODUCTS_DIR; };
		22FD00162C2FEF150071E326 /* BeginnerTests.swift */ = {isa = PBXFileReference; lastKnownFileType = sourcecode.swift; path = BeginnerTests.swift; sourceTree = "<group>"; };
		22FD001C2C2FEF150071E326 /* BeginnerUITests.xctest */ = {isa = PBXFileReference; explicitFileType = wrapper.cfbundle; includeInIndex = 0; path = BeginnerUITests.xctest; sourceTree = BUILT_PRODUCTS_DIR; };
		22FD00202C2FEF150071E326 /* BeginnerUITests.swift */ = {isa = PBXFileReference; lastKnownFileType = sourcecode.swift; path = BeginnerUITests.swift; sourceTree = "<group>"; };
		22FD00222C2FEF150071E326 /* BeginnerUITestsLaunchTests.swift */ = {isa = PBXFileReference; lastKnownFileType = sourcecode.swift; path = BeginnerUITestsLaunchTests.swift; sourceTree = "<group>"; };
		22FDFFFC2C2FEF140071E326 /* Beginner.app */ = {isa = PBXFileReference; explicitFileType = wrapper.application; includeInIndex = 0; path = Beginner.app; sourceTree = BUILT_PRODUCTS_DIR; };
		22FDFFFF2C2FEF140071E326 /* AppDelegate.swift */ = {isa = PBXFileReference; lastKnownFileType = sourcecode.swift; path = AppDelegate.swift; sourceTree = "<group>"; };
/* End PBXFileReference section */

/* Begin PBXFrameworksBuildPhase section */
		22FD000F2C2FEF150071E326 /* Frameworks */ = {
			isa = PBXFrameworksBuildPhase;
			buildActionMask = 2147483647;
			files = (
			);
			runOnlyForDeploymentPostprocessing = 0;
		};
		22FD00192C2FEF150071E326 /* Frameworks */ = {
			isa = PBXFrameworksBuildPhase;
			buildActionMask = 2147483647;
			files = (
			);
			runOnlyForDeploymentPostprocessing = 0;
		};
		22FDFFF92C2FEF140071E326 /* Frameworks */ = {
			isa = PBXFrameworksBuildPhase;
			buildActionMask = 2147483647;
			files = (
			);
			runOnlyForDeploymentPostprocessing = 0;
		};
/* End PBXFrameworksBuildPhase section */

/* Begin PBXGroup section */
		22FD00152C2FEF150071E326 /* BeginnerTests */ = {
			isa = PBXGroup;
			children = (
				22FD00162C2FEF150071E326 /* BeginnerTests.swift */,
			);
			path = BeginnerTests;
			sourceTree = "<group>";
		};
		22FD001F2C2FEF150071E326 /* BeginnerUITests */ = {
			isa = PBXGroup;
			children = (
				22FD00202C2FEF150071E326 /* BeginnerUITests.swift */,
				22FD00222C2FEF150071E326 /* BeginnerUITestsLaunchTests.swift */,
			);
			path = BeginnerUITests;
			sourceTree = "<group>";
		};
		22FDFFF32C2FEF140071E326 = {
			isa = PBXGroup;
			children = (
				22FDFFFE2C2FEF140071E326 /* Beginner */,
				22FD00152C2FEF150071E326 /* BeginnerTests */,
				22FD001F2C2FEF150071E326 /* BeginnerUITests */,
				22FDFFFD2C2FEF140071E326 /* Products */,
			);
			sourceTree = "<group>";
		};
		22FDFFFD2C2FEF140071E326 /* Products */ = {
			isa = PBXGroup;
			children = (
				22FDFFFC2C2FEF140071E326 /* Beginner.app */,
				22FD00122C2FEF150071E326 /* BeginnerTests.xctest */,
				22FD001C2C2FEF150071E326 /* BeginnerUITests.xctest */,
			);
			name = Products;
			sourceTree = "<group>";
		};
		22FDFFFE2C2FEF140071E326 /* Beginner */ = {
			isa = PBXGroup;
			children = (
				22FDFFFF2C2FEF140071E326 /* AppDelegate.swift */,
				22FD00012C2FEF140071E326 /* SceneDelegate.swift */,
				22FD00032C2FEF140071E326 /* ViewController.swift */,
				22FD00052C2FEF140071E326 /* Main.storyboard */,
				22FD00082C2FEF150071E326 /* Assets.xcassets */,
				22FD000A2C2FEF150071E326 /* LaunchScreen.storyboard */,
				22FD000D2C2FEF150071E326 /* Info.plist */,
			);
			path = Beginner;
			sourceTree = "<group>";
		};
/* End PBXGroup section */

/* Begin PBXNativeTarget section */
		22FD00112C2FEF150071E326 /* BeginnerTests */ = {
			isa = PBXNativeTarget;
			buildConfigurationList = 22FD00292C2FEF150071E326 /* Build configuration list for PBXNativeTarget "BeginnerTests" */;
			buildPhases = (
				22FD000E2C2FEF150071E326 /* Sources */,
				22FD000F2C2FEF150071E326 /* Frameworks */,
				22FD00102C2FEF150071E326 /* Resources */,
			);
			buildRules = (
			);
			dependencies = (
				22FD00142C2FEF150071E326 /* PBXTargetDependency */,
			);
			name = BeginnerTests;
			productName = BeginnerTests;
			productReference = 22FD00122C2FEF150071E326 /* BeginnerTests.xctest */;
			productType = "com.apple.product-type.bundle.unit-test";
		};
		22FD001B2C2FEF150071E326 /* BeginnerUITests */ = {
			isa = PBXNativeTarget;
			buildConfigurationList = 22FD002C2C2FEF150071E326 /* Build configuration list for PBXNativeTarget "BeginnerUITests" */;
			buildPhases = (
				22FD00182C2FEF150071E326 /* Sources */,
				22FD00192C2FEF150071E326 /* Frameworks */,
				22FD001A2C2FEF150071E326 /* Resources */,
			);
			buildRules = (
			);
			dependencies = (
				22FD001E2C2FEF150071E326 /* PBXTargetDependency */,
			);
			name = BeginnerUITests;
			productName = BeginnerUITests;
			productReference = 22FD001C2C2FEF150071E326 /* BeginnerUITests.xctest */;
			productType = "com.apple.product-type.bundle.ui-testing";
		};
		22FDFFFB2C2FEF140071E326 /* Beginner */ = {
			isa = PBXNativeTarget;
			buildConfigurationList = 22FD00262C2FEF150071E326 /* Build configuration list for PBXNativeTarget "Beginner" */;
			buildPhases = (
				22FDFFF82C2FEF140071E326 /* Sources */,
				22FDFFF92C2FEF140071E326 /* Frameworks */,
				22FDFFFA2C2FEF140071E326 /* Resources */,
			);
			buildRules = (
			);
			dependencies = (
			);
			name = Beginner;
			productName = Beginner;
			productReference = 22FDFFFC2C2FEF140071E326 /* Beginner.app */;
			productType = "com.apple.product-type.application";
		};
/* End PBXNativeTarget section */

/* Begin PBXProject section */
		22FDFFF42C2FEF140071E326 /* Project object */ = {
			isa = PBXProject;
			attributes = {
				BuildIndependentTargetsInParallel = 1;
				LastSwiftUpdateCheck = 1530;
				LastUpgradeCheck = 1530;
				TargetAttributes = {
					22FD00112C2FEF150071E326 = {
						CreatedOnToolsVersion = 15.3;
						TestTargetID = 22FDFFFB2C2FEF140071E326;
					};
					22FD001B2C2FEF150071E326 = {
						CreatedOnToolsVersion = 15.3;
						TestTargetID = 22FDFFFB2C2FEF140071E326;
					};
					22FDFFFB2C2FEF140071E326 = {
						CreatedOnToolsVersion = 15.3;
					};
				};
			};
			buildConfigurationList = 22FDFFF72C2FEF140071E326 /* Build configuration list for PBXProject "Beginner" */;
			compatibilityVersion = "Xcode 14.0";
			developmentRegion = en;
			hasScannedForEncodings = 0;
			knownRegions = (
				en,
				Base,
			);
			mainGroup = 22FDFFF32C2FEF140071E326;
			productRefGroup = 22FDFFFD2C2FEF140071E326 /* Products */;
			projectDirPath = "";
			projectRoot = "";
			targets = (
				22FDFFFB2C2FEF140071E326 /* Beginner */,
				22FD00112C2FEF150071E326 /* BeginnerTests */,
				22FD001B2C2FEF150071E326 /* BeginnerUITests */,
			);
		};
/* End PBXProject section */

/* Begin PBXResourcesBuildPhase section */
		22FD00102C2FEF150071E326 /* Resources */ = {
			isa = PBXResourcesBuildPhase;
			buildActionMask = 2147483647;
			files = (
			);
			runOnlyForDeploymentPostprocessing = 0;
		};
		22FD001A2C2FEF150071E326 /* Resources */ = {
			isa = PBXResourcesBuildPhase;
			buildActionMask = 2147483647;
			files = (
			);
			runOnlyForDeploymentPostprocessing = 0;
		};
		22FDFFFA2C2FEF140071E326 /* Resources */ = {
			isa = PBXResourcesBuildPhase;
			buildActionMask = 2147483647;
			files = (
				22FD00092C2FEF150071E326 /* Assets.xcassets in Resources */,
				22FD000C2C2FEF150071E326 /* Base in Resources */,
				22FD00072C2FEF140071E326 /* Base in Resources */,
			);
			runOnlyForDeploymentPostprocessing = 0;
		};
/* End PBXResourcesBuildPhase section */

/* Begin PBXSourcesBuildPhase section */
		22FD000E2C2FEF150071E326 /* Sources */ = {
			isa = PBXSourcesBuildPhase;
			buildActionMask = 2147483647;
			files = (
				22FD00172C2FEF150071E326 /* BeginnerTests.swift in Sources */,
			);
			runOnlyForDeploymentPostprocessing = 0;
		};
		22FD00182C2FEF150071E326 /* Sources */ = {
			isa = PBXSourcesBuildPhase;
			buildActionMask = 2147483647;
			files = (
				22FD00232C2FEF150071E326 /* BeginnerUITestsLaunchTests.swift in Sources */,
				22FD00212C2FEF150071E326 /* BeginnerUITests.swift in Sources */,
			);
			runOnlyForDeploymentPostprocessing = 0;
		};
		22FDFFF82C2FEF140071E326 /* Sources */ = {
			isa = PBXSourcesBuildPhase;
			buildActionMask = 2147483647;
			files = (
				22FD00042C2FEF140071E326 /* ViewController.swift in Sources */,
				22FD00002C2FEF140071E326 /* AppDelegate.swift in Sources */,
				22FD00022C2FEF140071E326 /* SceneDelegate.swift in Sources */,
			);
			runOnlyForDeploymentPostprocessing = 0;
		};
/* End PBXSourcesBuildPhase section */

/* Begin PBXTargetDependency section */
		22FD00142C2FEF150071E326 /* PBXTargetDependency */ = {
			isa = PBXTargetDependency;
			target = 22FDFFFB2C2FEF140071E326 /* Beginner */;
			targetProxy = 22FD00132C2FEF150071E326 /* PBXContainerItemProxy */;
		};
		22FD001E2C2FEF150071E326 /* PBXTargetDependency */ = {
			isa = PBXTargetDependency;
			target = 22FDFFFB2C2FEF140071E326 /* Beginner */;
			targetProxy = 22FD001D2C2FEF150071E326 /* PBXContainerItemProxy */;
		};
/* End PBXTargetDependency section */

/* Begin PBXVariantGroup section */
		22FD00052C2FEF140071E326 /* Main.storyboard */ = {
			isa = PBXVariantGroup;
			children = (
				22FD00062C2FEF140071E326 /* Base */,
			);
			name = Main.storyboard;
			sourceTree = "<group>";
		};
		22FD000A2C2FEF150071E326 /* LaunchScreen.storyboard */ = {
			isa = PBXVariantGroup;
			children = (
				22FD000B2C2FEF150071E326 /* Base */,
			);
			name = LaunchScreen.storyboard;
			sourceTree = "<group>";
		};
/* End PBXVariantGroup section */

/* Begin XCBuildConfiguration section */
		22FD00242C2FEF150071E326 /* Debug */ = {
			isa = XCBuildConfiguration;
			buildSettings = {
				ALWAYS_SEARCH_USER_PATHS = NO;
				ASSETCATALOG_COMPILER_GENERATE_SWIFT_ASSET_SYMBOL_EXTENSIONS = YES;
				CLANG_ANALYZER_NONNULL = YES;
				CLANG_ANALYZER_NUMBER_OBJECT_CONVERSION = YES_AGGRESSIVE;
				CLANG_CXX_LANGUAGE_STANDARD = "gnu++20";
				CLANG_ENABLE_MODULES = YES;
				CLANG_ENABLE_OBJC_ARC = YES;
				CLANG_ENABLE_OBJC_WEAK = YES;
				CLANG_WARN_BLOCK_CAPTURE_AUTORELEASING = YES;
				CLANG_WARN_BOOL_CONVERSION = YES;
				CLANG_WARN_COMMA = YES;
				CLANG_WARN_CONSTANT_CONVERSION = YES;
				CLANG_WARN_DEPRECATED_OBJC_IMPLEMENTATIONS = YES;
				CLANG_WARN_DIRECT_OBJC_ISA_USAGE = YES_ERROR;
				CLANG_WARN_DOCUMENTATION_COMMENTS = YES;
				CLANG_WARN_EMPTY_BODY = YES;
				CLANG_WARN_ENUM_CONVERSION = YES;
				CLANG_WARN_INFINITE_RECURSION = YES;
				CLANG_WARN_INT_CONVERSION = YES;
				CLANG_WARN_NON_LITERAL_NULL_CONVERSION = YES;
				CLANG_WARN_OBJC_IMPLICIT_RETAIN_SELF = YES;
				CLANG_WARN_OBJC_LITERAL_CONVERSION = YES;
				CLANG_WARN_OBJC_ROOT_CLASS = YES_ERROR;
				CLANG_WARN_QUOTED_INCLUDE_IN_FRAMEWORK_HEADER = YES;
				CLANG_WARN_RANGE_LOOP_ANALYSIS = YES;
				CLANG_WARN_STRICT_PROTOTYPES = YES;
				CLANG_WARN_SUSPICIOUS_MOVE = YES;
				CLANG_WARN_UNGUARDED_AVAILABILITY = YES_AGGRESSIVE;
				CLANG_WARN_UNREACHABLE_CODE = YES;
				CLANG_WARN__DUPLICATE_METHOD_MATCH = YES;
				COPY_PHASE_STRIP = NO;
				DEBUG_INFORMATION_FORMAT = dwarf;
				ENABLE_STRICT_OBJC_MSGSEND = YES;
				ENABLE_TESTABILITY = YES;
				ENABLE_USER_SCRIPT_SANDBOXING = YES;
				GCC_C_LANGUAGE_STANDARD = gnu17;
				GCC_DYNAMIC_NO_PIC = NO;
				GCC_NO_COMMON_BLOCKS = YES;
				GCC_OPTIMIZATION_LEVEL = 0;
				GCC_PREPROCESSOR_DEFINITIONS = (
					"DEBUG=1",
					"$(inherited)",
				);
				GCC_WARN_64_TO_32_BIT_CONVERSION = YES;
				GCC_WARN_ABOUT_RETURN_TYPE = YES_ERROR;
				GCC_WARN_UNDECLARED_SELECTOR = YES;
				GCC_WARN_UNINITIALIZED_AUTOS = YES_AGGRESSIVE;
				GCC_WARN_UNUSED_FUNCTION = YES;
				GCC_WARN_UNUSED_VARIABLE = YES;
				IPHONEOS_DEPLOYMENT_TARGET = 17.4;
				LOCALIZATION_PREFERS_STRING_CATALOGS = YES;
				MTL_ENABLE_DEBUG_INFO = INCLUDE_SOURCE;
				MTL_FAST_MATH = YES;
				ONLY_ACTIVE_ARCH = YES;
				SDKROOT = iphoneos;
				SWIFT_ACTIVE_COMPILATION_CONDITIONS = "DEBUG $(inherited)";
				SWIFT_OPTIMIZATION_LEVEL = "-Onone";
			};
			name = Debug;
		};
		22FD00252C2FEF150071E326 /* Release */ = {
			isa = XCBuildConfiguration;
			buildSettings = {
				ALWAYS_SEARCH_USER_PATHS = NO;
				ASSETCATALOG_COMPILER_GENERATE_SWIFT_ASSET_SYMBOL_EXTENSIONS = YES;
				CLANG_ANALYZER_NONNULL = YES;
				CLANG_ANALYZER_NUMBER_OBJECT_CONVERSION = YES_AGGRESSIVE;
				CLANG_CXX_LANGUAGE_STANDARD = "gnu++20";
				CLANG_ENABLE_MODULES = YES;
				CLANG_ENABLE_OBJC_ARC = YES;
				CLANG_ENABLE_OBJC_WEAK = YES;
				CLANG_WARN_BLOCK_CAPTURE_AUTORELEASING = YES;
				CLANG_WARN_BOOL_CONVERSION = YES;
				CLANG_WARN_COMMA = YES;
				CLANG_WARN_CONSTANT_CONVERSION = YES;
				CLANG_WARN_DEPRECATED_OBJC_IMPLEMENTATIONS = YES;
				CLANG_WARN_DIRECT_OBJC_ISA_USAGE = YES_ERROR;
				CLANG_WARN_DOCUMENTATION_COMMENTS = YES;
				CLANG_WARN_EMPTY_BODY = YES;
				CLANG_WARN_ENUM_CONVERSION = YES;
				CLANG_WARN_INFINITE_RECURSION = YES;
				CLANG_WARN_INT_CONVERSION = YES;
				CLANG_WARN_NON_LITERAL_NULL_CONVERSION = YES;
				CLANG_WARN_OBJC_IMPLICIT_RETAIN_SELF = YES;
				CLANG_WARN_OBJC_LITERAL_CONVERSION = YES;
				CLANG_WARN_OBJC_ROOT_CLASS = YES_ERROR;
				CLANG_WARN_QUOTED_INCLUDE_IN_FRAMEWORK_HEADER = YES;
				CLANG_WARN_RANGE_LOOP_ANALYSIS = YES;
				CLANG_WARN_STRICT_PROTOTYPES = YES;
				CLANG_WARN_SUSPICIOUS_MOVE = YES;
				CLANG_WARN_UNGUARDED_AVAILABILITY = YES_AGGRESSIVE;
				CLANG_WARN_UNREACHABLE_CODE = YES;
				CLANG_WARN__DUPLICATE_METHOD_MATCH = YES;
				COPY_PHASE_STRIP = NO;
				DEBUG_INFORMATION_FORMAT = "dwarf-with-dsym";
				ENABLE_NS_ASSERTIONS = NO;
				ENABLE_STRICT_OBJC_MSGSEND = YES;
				ENABLE_USER_SCRIPT_SANDBOXING = YES;
				GCC_C_LANGUAGE_STANDARD = gnu17;
				GCC_NO_COMMON_BLOCKS = YES;
				GCC_WARN_64_TO_32_BIT_CONVERSION = YES;
				GCC_WARN_ABOUT_RETURN_TYPE = YES_ERROR;
				GCC_WARN_UNDECLARED_SELECTOR = YES;
				GCC_WARN_UNINITIALIZED_AUTOS = YES_AGGRESSIVE;
				GCC_WARN_UNUSED_FUNCTION = YES;
				GCC_WARN_UNUSED_VARIABLE = YES;
				IPHONEOS_DEPLOYMENT_TARGET = 17.4;
				LOCALIZATION_PREFERS_STRING_CATALOGS = YES;
				MTL_ENABLE_DEBUG_INFO = NO;
				MTL_FAST_MATH = YES;
				SDKROOT = iphoneos;
				SWIFT_COMPILATION_MODE = wholemodule;
				VALIDATE_PRODUCT = YES;
			};
			name = Release;
		};
		22FD00272C2FEF150071E326 /* Debug */ = {
			isa = XCBuildConfiguration;
			buildSettings = {
				ASSETCATALOG_COMPILER_APPICON_NAME = AppIcon;
				ASSETCATALOG_COMPILER_GLOBAL_ACCENT_COLOR_NAME = AccentColor;
				CODE_SIGN_STYLE = Automatic;
				CURRENT_PROJECT_VERSION = 1;
				GENERATE_INFOPLIST_FILE = YES;
				INFOPLIST_FILE = Beginner/Info.plist;
				INFOPLIST_KEY_UIApplicationSupportsIndirectInputEvents = YES;
				INFOPLIST_KEY_UILaunchStoryboardName = LaunchScreen;
				INFOPLIST_KEY_UIMainStoryboardFile = Main;
				INFOPLIST_KEY_UISupportedInterfaceOrientations_iPad = "UIInterfaceOrientationPortrait UIInterfaceOrientationPortraitUpsideDown UIInterfaceOrientationLandscapeLeft UIInterfaceOrientationLandscapeRight";
				INFOPLIST_KEY_UISupportedInterfaceOrientations_iPhone = "UIInterfaceOrientationPortrait UIInterfaceOrientationLandscapeLeft UIInterfaceOrientationLandscapeRight";
				LD_RUNPATH_SEARCH_PATHS = (
					"$(inherited)",
					"@executable_path/Frameworks",
				);
				MARKETING_VERSION = 1.0;
				PRODUCT_BUNDLE_IDENTIFIER = nam.Beginner;
				PRODUCT_NAME = "$(TARGET_NAME)";
				SWIFT_EMIT_LOC_STRINGS = YES;
				SWIFT_VERSION = 5.0;
				TARGETED_DEVICE_FAMILY = "1,2";
			};
			name = Debug;
		};
		22FD00282C2FEF150071E326 /* Release */ = {
			isa = XCBuildConfiguration;
			buildSettings = {
				ASSETCATALOG_COMPILER_APPICON_NAME = AppIcon;
				ASSETCATALOG_COMPILER_GLOBAL_ACCENT_COLOR_NAME = AccentColor;
				CODE_SIGN_STYLE = Automatic;
				CURRENT_PROJECT_VERSION = 1;
				GENERATE_INFOPLIST_FILE = YES;
				INFOPLIST_FILE = Beginner/Info.plist;
				INFOPLIST_KEY_UIApplicationSupportsIndirectInputEvents = YES;
				INFOPLIST_KEY_UILaunchStoryboardName = LaunchScreen;
				INFOPLIST_KEY_UIMainStoryboardFile = Main;
				INFOPLIST_KEY_UISupportedInterfaceOrientations_iPad = "UIInterfaceOrientationPortrait UIInterfaceOrientationPortraitUpsideDown UIInterfaceOrientationLandscapeLeft UIInterfaceOrientationLandscapeRight";
				INFOPLIST_KEY_UISupportedInterfaceOrientations_iPhone = "UIInterfaceOrientationPortrait UIInterfaceOrientationLandscapeLeft UIInterfaceOrientationLandscapeRight";
				LD_RUNPATH_SEARCH_PATHS = (
					"$(inherited)",
					"@executable_path/Frameworks",
				);
				MARKETING_VERSION = 1.0;
				PRODUCT_BUNDLE_IDENTIFIER = nam.Beginner;
				PRODUCT_NAME = "$(TARGET_NAME)";
				SWIFT_EMIT_LOC_STRINGS = YES;
				SWIFT_VERSION = 5.0;
				TARGETED_DEVICE_FAMILY = "1,2";
			};
			name = Release;
		};
		22FD002A2C2FEF150071E326 /* Debug */ = {
			isa = XCBuildConfiguration;
			buildSettings = {
				ALWAYS_EMBED_SWIFT_STANDARD_LIBRARIES = YES;
				BUNDLE_LOADER = "$(TEST_HOST)";
				CODE_SIGN_STYLE = Automatic;
				CURRENT_PROJECT_VERSION = 1;
				GENERATE_INFOPLIST_FILE = YES;
				IPHONEOS_DEPLOYMENT_TARGET = 17.4;
				MARKETING_VERSION = 1.0;
				PRODUCT_BUNDLE_IDENTIFIER = nam.BeginnerTests;
				PRODUCT_NAME = "$(TARGET_NAME)";
				SWIFT_EMIT_LOC_STRINGS = NO;
				SWIFT_VERSION = 5.0;
				TARGETED_DEVICE_FAMILY = "1,2";
				TEST_HOST = "$(BUILT_PRODUCTS_DIR)/Beginner.app/$(BUNDLE_EXECUTABLE_FOLDER_PATH)/Beginner";
			};
			name = Debug;
		};
		22FD002B2C2FEF150071E326 /* Release */ = {
			isa = XCBuildConfiguration;
			buildSettings = {
				ALWAYS_EMBED_SWIFT_STANDARD_LIBRARIES = YES;
				BUNDLE_LOADER = "$(TEST_HOST)";
				CODE_SIGN_STYLE = Automatic;
				CURRENT_PROJECT_VERSION = 1;
				GENERATE_INFOPLIST_FILE = YES;
				IPHONEOS_DEPLOYMENT_TARGET = 17.4;
				MARKETING_VERSION = 1.0;
				PRODUCT_BUNDLE_IDENTIFIER = nam.BeginnerTests;
				PRODUCT_NAME = "$(TARGET_NAME)";
				SWIFT_EMIT_LOC_STRINGS = NO;
				SWIFT_VERSION = 5.0;
				TARGETED_DEVICE_FAMILY = "1,2";
				TEST_HOST = "$(BUILT_PRODUCTS_DIR)/Beginner.app/$(BUNDLE_EXECUTABLE_FOLDER_PATH)/Beginner";
			};
			name = Release;
		};
		22FD002D2C2FEF150071E326 /* Debug */ = {
			isa = XCBuildConfiguration;
			buildSettings = {
				ALWAYS_EMBED_SWIFT_STANDARD_LIBRARIES = YES;
				CODE_SIGN_STYLE = Automatic;
				CURRENT_PROJECT_VERSION = 1;
				GENERATE_INFOPLIST_FILE = YES;
				MARKETING_VERSION = 1.0;
				PRODUCT_BUNDLE_IDENTIFIER = nam.BeginnerUITests;
				PRODUCT_NAME = "$(TARGET_NAME)";
				SWIFT_EMIT_LOC_STRINGS = NO;
				SWIFT_VERSION = 5.0;
				TARGETED_DEVICE_FAMILY = "1,2";
				TEST_TARGET_NAME = Beginner;
			};
			name = Debug;
		};
		22FD002E2C2FEF150071E326 /* Release */ = {
			isa = XCBuildConfiguration;
			buildSettings = {
				ALWAYS_EMBED_SWIFT_STANDARD_LIBRARIES = YES;
				CODE_SIGN_STYLE = Automatic;
				CURRENT_PROJECT_VERSION = 1;
				GENERATE_INFOPLIST_FILE = YES;
				MARKETING_VERSION = 1.0;
				PRODUCT_BUNDLE_IDENTIFIER = nam.BeginnerUITests;
				PRODUCT_NAME = "$(TARGET_NAME)";
				SWIFT_EMIT_LOC_STRINGS = NO;
				SWIFT_VERSION = 5.0;
				TARGETED_DEVICE_FAMILY = "1,2";
				TEST_TARGET_NAME = Beginner;
			};
			name = Release;
		};
/* End XCBuildConfiguration section */

/* Begin XCConfigurationList section */
		22FD00262C2FEF150071E326 /* Build configuration list for PBXNativeTarget "Beginner" */ = {
			isa = XCConfigurationList;
			buildConfigurations = (
				22FD00272C2FEF150071E326 /* Debug */,
				22FD00282C2FEF150071E326 /* Release */,
			);
			defaultConfigurationIsVisible = 0;
			defaultConfigurationName = Release;
		};
		22FD00292C2FEF150071E326 /* Build configuration list for PBXNativeTarget "BeginnerTests" */ = {
			isa = XCConfigurationList;
			buildConfigurations = (
				22FD002A2C2FEF150071E326 /* Debug */,
				22FD002B2C2FEF150071E326 /* Release */,
			);
			defaultConfigurationIsVisible = 0;
			defaultConfigurationName = Release;
		};
		22FD002C2C2FEF150071E326 /* Build configuration list for PBXNativeTarget "BeginnerUITests" */ = {
			isa = XCConfigurationList;
			buildConfigurations = (
				22FD002D2C2FEF150071E326 /* Debug */,
				22FD002E2C2FEF150071E326 /* Release */,
			);
			defaultConfigurationIsVisible = 0;
			defaultConfigurationName = Release;
		};
		22FDFFF72C2FEF140071E326 /* Build configuration list for PBXProject "Beginner" */ = {
			isa = XCConfigurationList;
			buildConfigurations = (
				22FD00242C2FEF150071E326 /* Debug */,
				22FD00252C2FEF150071E326 /* Release */,
			);
			defaultConfigurationIsVisible = 0;
			defaultConfigurationName = Release;
		};
/* End XCConfigurationList section */
	};
	rootObject = 22FDFFF42C2FEF140071E326 /* Project object */;
}
